
Microsoft Visual Studio Solution File, Format Version 12.00
# Visual Studio 2017
Project("{FAE04EC0-301F-11D3-BF4B-00C04F79EFBC}") = "FPSHorror.Plugins", "FPSHorror.Plugins.csproj", "{9D74D8D6-B1F3-7478-B79D-7A08E5F72C70}"
EndProject
Project("{FAE04EC0-301F-11D3-BF4B-00C04F79EFBC}") = "FPSHorror", "FPSHorror.csproj", "{E68CB88A-73CF-6DF8-6219-73873EED2039}"
EndProject
Project("{FAE04EC0-301F-11D3-BF4B-00C04F79EFBC}") = "FPSHorror.Editor.Plugins", "FPSHorror.Editor.Plugins.csproj", "{E7215B09-527D-176C-9A7C-3126A9E83BA7}"
EndProject
Global
	GlobalSection(SolutionConfigurationPlatforms) = preSolution
		Debug|Any CPU = Debug|Any CPU
		Release|Any CPU = Release|Any CPU
	EndGlobalSection
	GlobalSection(ProjectConfigurationPlatforms) = postSolution
		{9D74D8D6-B1F3-7478-B79D-7A08E5F72C70}.Debug|Any CPU.ActiveCfg = Debug|Any CPU
		{9D74D8D6-B1F3-7478-B79D-7A08E5F72C70}.Debug|Any CPU.Build.0 = Debug|Any CPU
		{9D74D8D6-B1F3-7478-B79D-7A08E5F72C70}.Release|Any CPU.ActiveCfg = Release|Any CPU
		{9D74D8D6-B1F3-7478-B79D-7A08E5F72C70}.Release|Any CPU.Build.0 = Release|Any CPU
		{E68CB88A-73CF-6DF8-6219-73873EED2039}.Debug|Any CPU.ActiveCfg = Debug|Any CPU
		{E68CB88A-73CF-6DF8-6219-73873EED2039}.Debug|Any CPU.Build.0 = Debug|Any CPU
		{E68CB88A-73CF-6DF8-6219-73873EED2039}.Release|Any CPU.ActiveCfg = Release|Any CPU
		{E68CB88A-73CF-6DF8-6219-73873EED2039}.Release|Any CPU.Build.0 = Release|Any CPU
		{E7215B09-527D-176C-9A7C-3126A9E83BA7}.Debug|Any CPU.ActiveCfg = Debug|Any CPU
		{E7215B09-527D-176C-9A7C-3126A9E83BA7}.Debug|Any CPU.Build.0 = Debug|Any CPU
		{E7215B09-527D-176C-9A7C-3126A9E83BA7}.Release|Any CPU.ActiveCfg = Release|Any CPU
		{E7215B09-527D-176C-9A7C-3126A9E83BA7}.Release|Any CPU.Build.0 = Release|Any CPU
	EndGlobalSection
	GlobalSection(SolutionProperties) = preSolution
		HideSolutionNode = FALSE
	EndGlobalSection
EndGlobal
